// !$*UTF8*$!
//
// Hand-written, and deliberately tiny.
//
// Xcode 16 introduced `PBXFileSystemSynchronizedRootGroup`: a folder is a member of a
// target, and every file inside it is compiled without being listed. That is what keeps
// this file to ~150 lines with no per-file entries — which matters here, because it was
// written without an Xcode to check it against (see ios/README.md, "What is unverified").
//
// If Xcode refuses to open it, the recovery is two minutes and loses nothing: File > New >
// Project > App named "Motet", delete the generated sources, drag `App/Motet` in as a
// folder reference, and add `ios` as a local package dependency (MotetKit + MotetPlayback).
// The sources are the deliverable; this file is a convenience.
{
	archiveVersion = 1;
	classes = {
	};
	objectVersion = 77;
	objects = {

/* Begin PBXBuildFile section */
		AA00000000000000000010 /* MotetKit in Frameworks */ = {isa = PBXBuildFile; productRef = AA00000000000000000040 /* MotetKit */; };
		AA00000000000000000011 /* MotetPlayback in Frameworks */ = {isa = PBXBuildFile; productRef = AA00000000000000000041 /* MotetPlayback */; };
/* End PBXBuildFile section */

/* Begin PBXFileReference section */
		AA00000000000000000002 /* Motet.app */ = {isa = PBXFileReference; explicitFileType = wrapper.application; includeInIndex = 0; path = Motet.app; sourceTree = BUILT_PRODUCTS_DIR; };
/* End PBXFileReference section */

/* Begin PBXFileSystemSynchronizedBuildFileExceptionSet section */
		AA00000000000000000030 /* Exceptions for "Motet" folder in "Motet" target */ = {
			isa = PBXFileSystemSynchronizedBuildFileExceptionSet;
			membershipExceptions = (
				Info.plist,
				Motet.entitlements,
			);
			target = AA00000000000000000020 /* Motet */;
		};
/* End PBXFileSystemSynchronizedBuildFileExceptionSet section */

/* Begin PBXFileSystemSynchronizedRootGroup section */
		AA00000000000000000001 /* Motet */ = {
			isa = PBXFileSystemSynchronizedRootGroup;
			exceptions = (
				AA00000000000000000030 /* Exceptions for "Motet" folder in "Motet" target */,
			);
			path = Motet;
			sourceTree = "<group>";
		};
/* End PBXFileSystemSynchronizedRootGroup section */

/* Begin PBXFrameworksBuildPhase section */
		AA00000000000000000003 /* Frameworks */ = {
			isa = PBXFrameworksBuildPhase;
			buildActionMask = 2147483647;
			files = (
				AA00000000000000000010 /* MotetKit in Frameworks */,
				AA00000000000000000011 /* MotetPlayback in Frameworks */,
			);
			runOnlyForDeploymentPostprocessing = 0;
		};
/* End PBXFrameworksBuildPhase section */

/* Begin PBXGroup section */
		AA00000000000000000004 = {
			isa = PBXGroup;
			children = (
				AA00000000000000000001 /* Motet */,
				AA00000000000000000005 /* Products */,
			);
			sourceTree = "<group>";
		};
		AA00000000000000000005 /* Products */ = {
			isa = PBXGroup;
			children = (
				AA00000000000000000002 /* Motet.app */,
			);
			name = Products;
			sourceTree = "<group>";
		};
/* End PBXGroup section */

/* Begin PBXNativeTarget section */
		AA00000000000000000020 /* Motet */ = {
			isa = PBXNativeTarget;
			buildConfigurationList = AA00000000000000000022 /* Build configuration list for PBXNativeTarget "Motet" */;
			buildPhases = (
				AA00000000000000000006 /* Sources */,
				AA00000000000000000003 /* Frameworks */,
				AA00000000000000000007 /* Resources */,
			);
			buildRules = (
			);
			dependencies = (
			);
			fileSystemSynchronizedGroups = (
				AA00000000000000000001 /* Motet */,
			);
			name = Motet;
			packageProductDependencies = (
				AA00000000000000000040 /* MotetKit */,
				AA00000000000000000041 /* MotetPlayback */,
			);
			productName = Motet;
			productReference = AA00000000000000000002 /* Motet.app */;
			productType = "com.apple.product-type.application";
		};
/* End PBXNativeTarget section */

/* Begin PBXProject section */
		AA00000000000000000008 /* Project object */ = {
			isa = PBXProject;
			attributes = {
				BuildIndependentTargetsInParallel = 1;
				LastSwiftUpdateCheck = 1600;
				LastUpgradeCheck = 1600;
				TargetAttributes = {
					AA00000000000000000020 = {
						CreatedOnToolsVersion = 16.0;
					};
				};
			};
			buildConfigurationList = AA00000000000000000021 /* Build configuration list for PBXProject "Motet" */;
			developmentRegion = en;
			hasScannedForEncodings = 0;
			knownRegions = (
				en,
				Base,
			);
			mainGroup = AA00000000000000000004;
			minimizedProjectReferenceProxies = 1;
			packageReferences = (
				AA00000000000000000042 /* XCLocalSwiftPackageReference ".." */,
			);
			preferredProjectObjectVersion = 77;
			productRefGroup = AA00000000000000000005 /* Products */;
			projectDirPath = "";
			projectRoot = "";
			targets = (
				AA00000000000000000020 /* Motet */,
			);
		};
/* End PBXProject section */

/* Begin PBXResourcesBuildPhase section */
		AA00000000000000000007 /* Resources */ = {
			isa = PBXResourcesBuildPhase;
			buildActionMask = 2147483647;
			files = (
			);
			runOnlyForDeploymentPostprocessing = 0;
		};
/* End PBXResourcesBuildPhase section */

/* Begin PBXSourcesBuildPhase section */
		AA00000000000000000006 /* Sources */ = {
			isa = PBXSourcesBuildPhase;
			buildActionMask = 2147483647;
			files = (
			);
			runOnlyForDeploymentPostprocessing = 0;
		};
/* End PBXSourcesBuildPhase section */

/* Begin XCBuildConfiguration section */
		AA00000000000000000050 /* Debug */ = {
			isa = XCBuildConfiguration;
			buildSettings = {
				CLANG_ENABLE_MODULES = YES;
				CLANG_ENABLE_OBJC_ARC = YES;
				ENABLE_STRICT_OBJC_MSGSEND = YES;
				GCC_NO_COMMON_BLOCKS = YES;
				IPHONEOS_DEPLOYMENT_TARGET = 17.0;
				ONLY_ACTIVE_ARCH = YES;
				SDKROOT = iphoneos;
				SWIFT_ACTIVE_COMPILATION_CONDITIONS = "DEBUG $(inherited)";
				SWIFT_OPTIMIZATION_LEVEL = "-Onone";
				SWIFT_VERSION = 6.0;
			};
			name = Debug;
		};
		AA00000000000000000051 /* Release */ = {
			isa = XCBuildConfiguration;
			buildSettings = {
				CLANG_ENABLE_MODULES = YES;
				CLANG_ENABLE_OBJC_ARC = YES;
				ENABLE_STRICT_OBJC_MSGSEND = YES;
				GCC_NO_COMMON_BLOCKS = YES;
				IPHONEOS_DEPLOYMENT_TARGET = 17.0;
				SDKROOT = iphoneos;
				SWIFT_COMPILATION_MODE = wholemodule;
				SWIFT_VERSION = 6.0;
				VALIDATE_PRODUCT = YES;
			};
			name = Release;
		};
		AA00000000000000000052 /* Debug */ = {
			isa = XCBuildConfiguration;
			buildSettings = {
				ASSETCATALOG_COMPILER_APPICON_NAME = "";
				// No Apple Developer Program membership yet, so there is no signing identity
				// to use and `xcodebuild -sdk iphonesimulator` must not ask for one. Flip
				// both of these back on — and set DEVELOPMENT_TEAM — for a device build.
				CODE_SIGNING_ALLOWED = NO;
				CODE_SIGNING_REQUIRED = NO;
				CODE_SIGN_STYLE = Automatic;
				CURRENT_PROJECT_VERSION = 1;
				DEVELOPMENT_TEAM = "";
				ENABLE_PREVIEWS = YES;
				GENERATE_INFOPLIST_FILE = NO;
				INFOPLIST_FILE = Motet/Info.plist;
				LD_RUNPATH_SEARCH_PATHS = (
					"$(inherited)",
					"@executable_path/Frameworks",
				);
				MARKETING_VERSION = 0.1.0;
				PRODUCT_BUNDLE_IDENTIFIER = com.getmotet.app;
				PRODUCT_NAME = "$(TARGET_NAME)";
				SWIFT_EMIT_LOC_STRINGS = YES;
				TARGETED_DEVICE_FAMILY = 1;
			};
			name = Debug;
		};
		AA00000000000000000053 /* Release */ = {
			isa = XCBuildConfiguration;
			buildSettings = {
				ASSETCATALOG_COMPILER_APPICON_NAME = "";
				CODE_SIGNING_ALLOWED = NO;
				CODE_SIGNING_REQUIRED = NO;
				CODE_SIGN_STYLE = Automatic;
				CURRENT_PROJECT_VERSION = 1;
				DEVELOPMENT_TEAM = "";
				ENABLE_PREVIEWS = YES;
				GENERATE_INFOPLIST_FILE = NO;
				INFOPLIST_FILE = Motet/Info.plist;
				LD_RUNPATH_SEARCH_PATHS = (
					"$(inherited)",
					"@executable_path/Frameworks",
				);
				MARKETING_VERSION = 0.1.0;
				PRODUCT_BUNDLE_IDENTIFIER = com.getmotet.app;
				PRODUCT_NAME = "$(TARGET_NAME)";
				SWIFT_EMIT_LOC_STRINGS = YES;
				TARGETED_DEVICE_FAMILY = 1;
			};
			name = Release;
		};
/* End XCBuildConfiguration section */

/* Begin XCConfigurationList section */
		AA00000000000000000021 /* Build configuration list for PBXProject "Motet" */ = {
			isa = XCConfigurationList;
			buildConfigurations = (
				AA00000000000000000050 /* Debug */,
				AA00000000000000000051 /* Release */,
			);
			defaultConfigurationIsVisible = 0;
			defaultConfigurationName = Release;
		};
		AA00000000000000000022 /* Build configuration list for PBXNativeTarget "Motet" */ = {
			isa = XCConfigurationList;
			buildConfigurations = (
				AA00000000000000000052 /* Debug */,
				AA00000000000000000053 /* Release */,
			);
			defaultConfigurationIsVisible = 0;
			defaultConfigurationName = Release;
		};
/* End XCConfigurationList section */

/* Begin XCLocalSwiftPackageReference section */
		AA00000000000000000042 /* XCLocalSwiftPackageReference ".." */ = {
			isa = XCLocalSwiftPackageReference;
			relativePath = ..;
		};
/* End XCLocalSwiftPackageReference section */

/* Begin XCSwiftPackageProductDependency section */
		AA00000000000000000040 /* MotetKit */ = {
			isa = XCSwiftPackageProductDependency;
			productName = MotetKit;
		};
		AA00000000000000000041 /* MotetPlayback */ = {
			isa = XCSwiftPackageProductDependency;
			productName = MotetPlayback;
		};
/* End XCSwiftPackageProductDependency section */
	};
	rootObject = AA00000000000000000008 /* Project object */;
}
